
Microsoft Visual Studio Solution File, Format Version 12.00
# Visual Studio Version 16
VisualStudioVersion = 16.0.31229.75
MinimumVisualStudioVersion = 10.0.40219.1
Project("{9A19103F-16F7-4668-BE54-9A1E7A4F7556}") = "Mentoria.GGR", "Mentoria.GGR\Mentoria.GGR.csproj", "{6AE57089-B52D-4F1B-B568-A155E37D3DF7}"
EndProject
Project("{FAE04EC0-301F-11D3-BF4B-00C04F79EFBC}") = "Mentoria.GGR.Lib", "Mentoria.GGR.Lib\Mentoria.GGR.Lib.csproj", "{61F0ADD9-67F7-40E0-B486-9AD7FDEF9CA6}"
EndProject
Global
	GlobalSection(SolutionConfigurationPlatforms) = preSolution
		Debug|Any CPU = Debug|Any CPU
		Release|Any CPU = Release|Any CPU
	EndGlobalSection
	GlobalSection(ProjectConfigurationPlatforms) = postSolution
		{6AE57089-B52D-4F1B-B568-A155E37D3DF7}.Debug|Any CPU.ActiveCfg = Debug|Any CPU
		{6AE57089-B52D-4F1B-B568-A155E37D3DF7}.Debug|Any CPU.Build.0 = Debug|Any CPU
		{6AE57089-B52D-4F1B-B568-A155E37D3DF7}.Release|Any CPU.ActiveCfg = Release|Any CPU
		{6AE57089-B52D-4F1B-B568-A155E37D3DF7}.Release|Any CPU.Build.0 = Release|Any CPU
		{61F0ADD9-67F7-40E0-B486-9AD7FDEF9CA6}.Debug|Any CPU.ActiveCfg = Debug|Any CPU
		{61F0ADD9-67F7-40E0-B486-9AD7FDEF9CA6}.Debug|Any CPU.Build.0 = Debug|Any CPU
		{61F0ADD9-67F7-40E0-B486-9AD7FDEF9CA6}.Release|Any CPU.ActiveCfg = Release|Any CPU
		{61F0ADD9-67F7-40E0-B486-9AD7FDEF9CA6}.Release|Any CPU.Build.0 = Release|Any CPU
	EndGlobalSection
	GlobalSection(SolutionProperties) = preSolution
		HideSolutionNode = FALSE
	EndGlobalSection
	GlobalSection(ExtensibilityGlobals) = postSolution
		SolutionGuid = {F38D7FAC-ED35-4783-95BC-69FEE999C194}
	EndGlobalSection
EndGlobal
